{
  "name": "todo-alex",
  "version": "0.0.2",
  "lockfileVersion": 2,
  "requires": true,
  "packages": {
    "": {
      "name": "todo-alex",
      "version": "0.0.2",
      "license": "MIT",
      "dependencies": {
        "commander": "^9.3.0",
        "inquirer": "^7.0.0",
        "todo-alex": "^0.0.2"
      },
      "bin": {
        "todo": "cli.js"
      }
    },
    "node_modules/chardet": {
      "version": "0.7.0",
      "resolved": "https://artifactory.skyscannertools.net/artifactory/api/npm/npm/chardet/-/chardet-0.7.0.tgz",
      "integrity": "sha1-kAlISfCTfy7twkJdDSip5fDLrZ4=",
      "license": "MIT"
    },
    "node_modules/cli-cursor": {
      "version": "3.1.0",
      "resolved": "https://artifactory.skyscannertools.net/artifactory/api/npm/npm/cli-cursor/-/cli-cursor-3.1.0.tgz",
      "integrity": "sha1-JkMFp65JDR0Dvwybp8kl0XU68wc=",
      "license": "MIT",
      "dependencies": {
        "restore-cursor": "^3.1.0"
      },
      "engines": {
        "node": ">=8"
      }
    },
    "node_modules/cli-width": {
      "version": "3.0.0",
      "resolved": "https://artifactory.skyscannertools.net/artifactory/api/npm/npm/cli-width/-/cli-width-3.0.0.tgz",
      "integrity": "sha1-ovSEN6LKqaIkNueUvwceyeYc7fY=",
      "license": "ISC",
      "engines": {
        "node": ">= 10"
      }
    },
    "node_modules/commander": {
      "version": "9.3.0",
      "resolved": "https://artifactory.skyscannertools.net/artifactory/api/npm/npm/commander/-/commander-9.3.0.tgz",
      "integrity": "sha1-9hkRSlotIFTg2f8bMdXM+JJV4ms=",
      "license": "MIT",
      "engines": {
        "node": "^12.20.0 || >=14"
      }
    },
    "node_modules/escape-string-regexp": {
      "version": "1.0.5",
      "resolved": "https://artifactory.skyscannertools.net/artifactory/api/npm/npm/escape-string-regexp/-/escape-string-regexp-1.0.5.tgz",
      "integrity": "sha1-G2HAViGQqN/2rjuyzwIAyhMLhtQ=",
      "license": "MIT",
      "engines": {
        "node": ">=0.8.0"
      }
    },
    "node_modules/external-editor": {
      "version": "3.1.0",
      "resolved": "https://artifactory.skyscannertools.net/artifactory/api/npm/npm/external-editor/-/external-editor-3.1.0.tgz",
      "integrity": "sha1-ywP3QL764D6k0oPK7SdBqD8zVJU=",
      "license": "MIT",
      "dependencies": {
        "chardet": "^0.7.0",
        "iconv-lite": "^0.4.24",
        "tmp": "^0.0.33"
      },
      "engines": {
        "node": ">=4"
      }
    },
    "node_modules/figures": {
      "version": "3.2.0",
      "resolved": "https://artifactory.skyscannertools.net/artifactory/api/npm/npm/figures/-/figures-3.2.0.tgz",
      "integrity": "sha1-YlwYvSk8YE3EqN2y/r8MiDQXRq8=",
      "license": "MIT",
      "dependencies": {
        "escape-string-regexp": "^1.0.5"
      },
      "engines": {
        "node": ">=8"
      },
      "funding": {
        "url": "https://github.com/sponsors/sindresorhus"
      }
    },
    "node_modules/iconv-lite": {
      "version": "0.4.24",
      "resolved": "https://artifactory.skyscannertools.net/artifactory/api/npm/npm/iconv-lite/-/iconv-lite-0.4.24.tgz",
      "integrity": "sha1-ICK0sl+93CHS9SSXSkdKr+czkIs=",
      "license": "MIT",
      "dependencies": {
        "safer-buffer": ">= 2.1.2 < 3"
      },
      "engines": {
        "node": ">=0.10.0"
      }
    },
    "node_modules/inquirer": {
      "version": "7.3.3",
      "resolved": "https://artifactory.skyscannertools.net/artifactory/api/npm/npm/inquirer/-/inquirer-7.3.3.tgz",
      "integrity": "sha1-BNF2sq8Er8FXqD/XwQDpjuCq0AM=",
      "license": "MIT",
      "dependencies": {
        "ansi-escapes": "^4.2.1",
        "chalk": "^4.1.0",
        "cli-cursor": "^3.1.0",
        "cli-width": "^3.0.0",
        "external-editor": "^3.0.3",
        "figures": "^3.0.0",
        "lodash": "^4.17.19",
        "mute-stream": "0.0.8",
        "run-async": "^2.4.0",
        "rxjs": "^6.6.0",
        "string-width": "^4.1.0",
        "strip-ansi": "^6.0.0",
        "through": "^2.3.6"
      },
      "engines": {
        "node": ">=8.0.0"
      }
    },
    "node_modules/inquirer/node_modules/ansi-escapes": {
      "version": "4.3.2",
      "resolved": "https://artifactory.skyscannertools.net/artifactory/api/npm/npm/ansi-escapes/-/ansi-escapes-4.3.2.tgz",
      "integrity": "sha1-ayKR0dt9mLZSHV8e+kLQ86n+tl4=",
      "license": "MIT",
      "dependencies": {
        "type-fest": "^0.21.3"
      },
      "engines": {
        "node": ">=8"
      },
      "funding": {
        "url": "https://github.com/sponsors/sindresorhus"
      }
    },
    "node_modules/inquirer/node_modules/ansi-regex": {
      "version": "5.0.1",
      "resolved": "https://artifactory.skyscannertools.net/artifactory/api/npm/npm/ansi-regex/-/ansi-regex-5.0.1.tgz",
      "integrity": "sha1-CCyyyJyf6GWaMRpTvWpNxTAdswQ=",
      "license": "MIT",
      "engines": {
        "node": ">=8"
      }
    },
    "node_modules/inquirer/node_modules/ansi-styles": {
      "version": "4.3.0",
      "resolved": "https://artifactory.skyscannertools.net/artifactory/api/npm/npm/ansi-styles/-/ansi-styles-4.3.0.tgz",
      "integrity": "sha1-7dgDYornHATIWuegkG7a00tkiTc=",
      "license": "MIT",
      "dependencies": {
        "color-convert": "^2.0.1"
      },
      "engines": {
        "node": ">=8"
      },
      "funding": {
        "url": "https://github.com/chalk/ansi-styles?sponsor=1"
      }
    },
    "node_modules/inquirer/node_modules/chalk": {
      "version": "4.1.2",
      "resolved": "https://artifactory.skyscannertools.net/artifactory/api/npm/npm/chalk/-/chalk-4.1.2.tgz",
      "integrity": "sha1-qsTit3NKdAhnrrFr8CqtVWoeegE=",
      "license": "MIT",
      "dependencies": {
        "ansi-styles": "^4.1.0",
        "supports-color": "^7.1.0"
      },
      "engines": {
        "node": ">=10"
      },
      "funding": {
        "url": "https://github.com/chalk/chalk?sponsor=1"
      }
    },
    "node_modules/inquirer/node_modules/color-convert": {
      "version": "2.0.1",
      "resolved": "https://artifactory.skyscannertools.net/artifactory/api/npm/npm/color-convert/-/color-convert-2.0.1.tgz",
      "integrity": "sha1-ctOmjVmMm9s68q0ehPIdiWq9TeM=",
      "license": "MIT",
      "dependencies": {
        "color-name": "~1.1.4"
      },
      "engines": {
        "node": ">=7.0.0"
      }
    },
    "node_modules/inquirer/node_modules/color-name": {
      "version": "1.1.4",
      "resolved": "https://artifactory.skyscannertools.net/artifactory/api/npm/npm/color-name/-/color-name-1.1.4.tgz",
      "integrity": "sha1-wqCah6y95pVD3m9j+jmVyCbFNqI=",
      "license": "MIT"
    },
    "node_modules/inquirer/node_modules/emoji-regex": {
      "version": "8.0.0",
      "resolved": "https://artifactory.skyscannertools.net/artifactory/api/npm/npm/emoji-regex/-/emoji-regex-8.0.0.tgz",
      "integrity": "sha1-6Bj9ac5cz8tARZT4QpY79TFkzDc=",
      "license": "MIT"
    },
    "node_modules/inquirer/node_modules/has-flag": {
      "version": "4.0.0",
      "resolved": "https://artifactory.skyscannertools.net/artifactory/api/npm/npm/has-flag/-/has-flag-4.0.0.tgz",
      "integrity": "sha1-lEdx/ZyByBJlxNaUGGDaBrtZR5s=",
      "license": "MIT",
      "engines": {
        "node": ">=8"
      }
    },
    "node_modules/inquirer/node_modules/is-fullwidth-code-point": {
      "version": "3.0.0",
      "resolved": "https://artifactory.skyscannertools.net/artifactory/api/npm/npm/is-fullwidth-code-point/-/is-fullwidth-code-point-3.0.0.tgz",
      "integrity": "sha1-8Rb4Bk/pCz94RKOJl8C3UFEmnx0=",
      "license": "MIT",
      "engines": {
        "node": ">=8"
      }
    },
    "node_modules/inquirer/node_modules/string-width": {
      "version": "4.2.3",
      "resolved": "https://artifactory.skyscannertools.net/artifactory/api/npm/npm/string-width/-/string-width-4.2.3.tgz",
      "integrity": "sha1-JpxxF9J7Ba0uU2gwqOyJXvnG0BA=",
      "license": "MIT",
      "dependencies": {
        "emoji-regex": "^8.0.0",
        "is-fullwidth-code-point": "^3.0.0",
        "strip-ansi": "^6.0.1"
      },
      "engines": {
        "node": ">=8"
      }
    },
    "node_modules/inquirer/node_modules/strip-ansi": {
      "version": "6.0.1",
      "resolved": "https://artifactory.skyscannertools.net/artifactory/api/npm/npm/strip-ansi/-/strip-ansi-6.0.1.tgz",
      "integrity": "sha1-nibGPTD1NEPpSJSVshBdN7Z6hdk=",
      "license": "MIT",
      "dependencies": {
        "ansi-regex": "^5.0.1"
      },
      "engines": {
        "node": ">=8"
      }
    },
    "node_modules/inquirer/node_modules/supports-color": {
      "version": "7.2.0",
      "resolved": "https://artifactory.skyscannertools.net/artifactory/api/npm/npm/supports-color/-/supports-color-7.2.0.tgz",
      "integrity": "sha1-G33NyzK4E4gBs+R4umpRyqiWSNo=",
      "license": "MIT",
      "dependencies": {
        "has-flag": "^4.0.0"
      },
      "engines": {
        "node": ">=8"
      }
    },
    "node_modules/lodash": {
      "version": "4.17.21",
      "resolved": "https://artifactory.skyscannertools.net/artifactory/api/npm/npm/lodash/-/lodash-4.17.21.tgz",
      "integrity": "sha1-Z5WRxWTDv/quhFTPCz3zcMPWkRw=",
      "license": "MIT"
    },
    "node_modules/mimic-fn": {
      "version": "2.1.0",
      "resolved": "https://artifactory.skyscannertools.net/artifactory/api/npm/npm/mimic-fn/-/mimic-fn-2.1.0.tgz",
      "integrity": "sha1-ftLCzMyvhNP/y3pptXcR/CCDQBs=",
      "license": "MIT",
      "engines": {
        "node": ">=6"
      }
    },
    "node_modules/mute-stream": {
      "version": "0.0.8",
      "resolved": "https://artifactory.skyscannertools.net/artifactory/api/npm/npm/mute-stream/-/mute-stream-0.0.8.tgz",
      "integrity": "sha1-FjDEKyJR/4HiooPelqVJfqkuXg0=",
      "license": "ISC"
    },
    "node_modules/onetime": {
      "version": "5.1.2",
      "resolved": "https://artifactory.skyscannertools.net/artifactory/api/npm/npm/onetime/-/onetime-5.1.2.tgz",
      "integrity": "sha1-0Oluu1awdHbfHdnEgG5SN5hcpF4=",
      "license": "MIT",
      "dependencies": {
        "mimic-fn": "^2.1.0"
      },
      "engines": {
        "node": ">=6"
      },
      "funding": {
        "url": "https://github.com/sponsors/sindresorhus"
      }
    },
    "node_modules/os-tmpdir": {
      "version": "1.0.2",
      "resolved": "https://artifactory.skyscannertools.net/artifactory/api/npm/npm/os-tmpdir/-/os-tmpdir-1.0.2.tgz",
      "integrity": "sha1-u+Z0BseaqFxc/sdm/lc0VV36EnQ=",
      "license": "MIT",
      "engines": {
        "node": ">=0.10.0"
      }
    },
    "node_modules/restore-cursor": {
      "version": "3.1.0",
      "resolved": "https://artifactory.skyscannertools.net/artifactory/api/npm/npm/restore-cursor/-/restore-cursor-3.1.0.tgz",
      "integrity": "sha1-OfZ8VLOnpYzqUjbZXPADQjljH34=",
      "license": "MIT",
      "dependencies": {
        "onetime": "^5.1.0",
        "signal-exit": "^3.0.2"
      },
      "engines": {
        "node": ">=8"
      }
    },
    "node_modules/run-async": {
      "version": "2.4.1",
      "resolved": "https://artifactory.skyscannertools.net/artifactory/api/npm/npm/run-async/-/run-async-2.4.1.tgz",
      "integrity": "sha1-hEDsz5nqPnC9QJ1JqriOEMGJpFU=",
      "license": "MIT",
      "engines": {
        "node": ">=0.12.0"
      }
    },
    "node_modules/rxjs": {
      "version": "6.6.7",
      "resolved": "https://artifactory.skyscannertools.net/artifactory/api/npm/npm/rxjs/-/rxjs-6.6.7.tgz",
      "integrity": "sha1-kKwBisq/SRv2UEQjXVhjxNq4BMk=",
      "license": "Apache-2.0",
      "dependencies": {
        "tslib": "^1.9.0"
      },
      "engines": {
        "npm": ">=2.0.0"
      }
    },
    "node_modules/safer-buffer": {
      "version": "2.1.2",
      "resolved": "https://artifactory.skyscannertools.net/artifactory/api/npm/npm/safer-buffer/-/safer-buffer-2.1.2.tgz",
      "integrity": "sha1-RPoWGwGHuVSd2Eu5GAL5vYOFzWo=",
      "license": "MIT"
    },
    "node_modules/signal-exit": {
      "version": "3.0.7",
      "resolved": "https://artifactory.skyscannertools.net/artifactory/api/npm/npm/signal-exit/-/signal-exit-3.0.7.tgz",
      "integrity": "sha1-qaF2f4r4QVURTqq9c/mSc8j1mtk=",
      "license": "ISC"
    },
    "node_modules/through": {
      "version": "2.3.8",
      "resolved": "https://artifactory.skyscannertools.net/artifactory/api/npm/npm/through/-/through-2.3.8.tgz",
      "integrity": "sha1-DdTJ/6q8NXlgsbckEV1+Doai4fU=",
      "license": "MIT"
    },
    "node_modules/tmp": {
      "version": "0.0.33",
      "resolved": "https://artifactory.skyscannertools.net/artifactory/api/npm/npm/tmp/-/tmp-0.0.33.tgz",
      "integrity": "sha1-bTQzWIl2jSGyvNoKonfO07G/rfk=",
      "license": "MIT",
      "dependencies": {
        "os-tmpdir": "~1.0.2"
      },
      "engines": {
        "node": ">=0.6.0"
      }
    },
    "node_modules/todo-alex": {
      "version": "0.0.2",
      "resolved": "https://registry.npmjs.org/todo-alex/-/todo-alex-0.0.2.tgz",
      "integrity": "sha512-G4YJ27nMBxI3tlmnC0VLbRSOpQwZPN+MfUMInhhEH0KlH71q6/wSZJmOrn0HWak0Ua3FfiekuwUysIIEkXzbJQ==",
      "dependencies": {
        "commander": "^9.3.0",
        "inquirer": "^7.0.0"
      },
      "bin": {
        "todo": "cli.js"
      }
    },
    "node_modules/tslib": {
      "version": "1.14.1",
      "resolved": "https://artifactory.skyscannertools.net/artifactory/api/npm/npm/tslib/-/tslib-1.14.1.tgz",
      "integrity": "sha1-zy04vcNKE0vK8QkcQfZhni9nLQA=",
      "license": "0BSD"
    },
    "node_modules/type-fest": {
      "version": "0.21.3",
      "resolved": "https://artifactory.skyscannertools.net/artifactory/api/npm/npm/type-fest/-/type-fest-0.21.3.tgz",
      "integrity": "sha1-0mCiSwGYQ24TP6JqUkptZfo7Ljc=",
      "license": "(MIT OR CC0-1.0)",
      "engines": {
        "node": ">=10"
      },
      "funding": {
        "url": "https://github.com/sponsors/sindresorhus"
      }
    }
  },
  "dependencies": {
    "chardet": {
      "version": "0.7.0",
      "resolved": "https://artifactory.skyscannertools.net/artifactory/api/npm/npm/chardet/-/chardet-0.7.0.tgz",
      "integrity": "sha1-kAlISfCTfy7twkJdDSip5fDLrZ4="
    },
    "cli-cursor": {
      "version": "3.1.0",
      "resolved": "https://artifactory.skyscannertools.net/artifactory/api/npm/npm/cli-cursor/-/cli-cursor-3.1.0.tgz",
      "integrity": "sha1-JkMFp65JDR0Dvwybp8kl0XU68wc=",
      "requires": {
        "restore-cursor": "^3.1.0"
      }
    },
    "cli-width": {
      "version": "3.0.0",
      "resolved": "https://artifactory.skyscannertools.net/artifactory/api/npm/npm/cli-width/-/cli-width-3.0.0.tgz",
      "integrity": "sha1-ovSEN6LKqaIkNueUvwceyeYc7fY="
    },
    "commander": {
      "version": "9.3.0",
      "resolved": "https://artifactory.skyscannertools.net/artifactory/api/npm/npm/commander/-/commander-9.3.0.tgz",
      "integrity": "sha1-9hkRSlotIFTg2f8bMdXM+JJV4ms="
    },
    "escape-string-regexp": {
      "version": "1.0.5",
      "resolved": "https://artifactory.skyscannertools.net/artifactory/api/npm/npm/escape-string-regexp/-/escape-string-regexp-1.0.5.tgz",
      "integrity": "sha1-G2HAViGQqN/2rjuyzwIAyhMLhtQ="
    },
    "external-editor": {
      "version": "3.1.0",
      "resolved": "https://artifactory.skyscannertools.net/artifactory/api/npm/npm/external-editor/-/external-editor-3.1.0.tgz",
      "integrity": "sha1-ywP3QL764D6k0oPK7SdBqD8zVJU=",
      "requires": {
        "chardet": "^0.7.0",
        "iconv-lite": "^0.4.24",
        "tmp": "^0.0.33"
      }
    },
    "figures": {
      "version": "3.2.0",
      "resolved": "https://artifactory.skyscannertools.net/artifactory/api/npm/npm/figures/-/figures-3.2.0.tgz",
      "integrity": "sha1-YlwYvSk8YE3EqN2y/r8MiDQXRq8=",
      "requires": {
        "escape-string-regexp": "^1.0.5"
      }
    },
    "iconv-lite": {
      "version": "0.4.24",
      "resolved": "https://artifactory.skyscannertools.net/artifactory/api/npm/npm/iconv-lite/-/iconv-lite-0.4.24.tgz",
      "integrity": "sha1-ICK0sl+93CHS9SSXSkdKr+czkIs=",
      "requires": {
        "safer-buffer": ">= 2.1.2 < 3"
      }
    },
    "inquirer": {
      "version": "7.3.3",
      "resolved": "https://artifactory.skyscannertools.net/artifactory/api/npm/npm/inquirer/-/inquirer-7.3.3.tgz",
      "integrity": "sha1-BNF2sq8Er8FXqD/XwQDpjuCq0AM=",
      "requires": {
        "ansi-escapes": "^4.2.1",
        "chalk": "^4.1.0",
        "cli-cursor": "^3.1.0",
        "cli-width": "^3.0.0",
        "external-editor": "^3.0.3",
        "figures": "^3.0.0",
        "lodash": "^4.17.19",
        "mute-stream": "0.0.8",
        "run-async": "^2.4.0",
        "rxjs": "^6.6.0",
        "string-width": "^4.1.0",
        "strip-ansi": "^6.0.0",
        "through": "^2.3.6"
      },
      "dependencies": {
        "ansi-escapes": {
          "version": "4.3.2",
          "resolved": "https://artifactory.skyscannertools.net/artifactory/api/npm/npm/ansi-escapes/-/ansi-escapes-4.3.2.tgz",
          "integrity": "sha1-ayKR0dt9mLZSHV8e+kLQ86n+tl4=",
          "requires": {
            "type-fest": "^0.21.3"
          }
        },
        "ansi-regex": {
          "version": "5.0.1",
          "resolved": "https://artifactory.skyscannertools.net/artifactory/api/npm/npm/ansi-regex/-/ansi-regex-5.0.1.tgz",
          "integrity": "sha1-CCyyyJyf6GWaMRpTvWpNxTAdswQ="
        },
        "ansi-styles": {
          "version": "4.3.0",
          "resolved": "https://artifactory.skyscannertools.net/artifactory/api/npm/npm/ansi-styles/-/ansi-styles-4.3.0.tgz",
          "integrity": "sha1-7dgDYornHATIWuegkG7a00tkiTc=",
          "requires": {
            "color-convert": "^2.0.1"
          }
        },
        "chalk": {
          "version": "4.1.2",
          "resolved": "https://artifactory.skyscannertools.net/artifactory/api/npm/npm/chalk/-/chalk-4.1.2.tgz",
          "integrity": "sha1-qsTit3NKdAhnrrFr8CqtVWoeegE=",
          "requires": {
            "ansi-styles": "^4.1.0",
            "supports-color": "^7.1.0"
          }
        },
        "color-convert": {
          "version": "2.0.1",
          "resolved": "https://artifactory.skyscannertools.net/artifactory/api/npm/npm/color-convert/-/color-convert-2.0.1.tgz",
          "integrity": "sha1-ctOmjVmMm9s68q0ehPIdiWq9TeM=",
          "requires": {
            "color-name": "~1.1.4"
          }
        },
        "color-name": {
          "version": "1.1.4",
          "resolved": "https://artifactory.skyscannertools.net/artifactory/api/npm/npm/color-name/-/color-name-1.1.4.tgz",
          "integrity": "sha1-wqCah6y95pVD3m9j+jmVyCbFNqI="
        },
        "emoji-regex": {
          "version": "8.0.0",
          "resolved": "https://artifactory.skyscannertools.net/artifactory/api/npm/npm/emoji-regex/-/emoji-regex-8.0.0.tgz",
          "integrity": "sha1-6Bj9ac5cz8tARZT4QpY79TFkzDc="
        },
        "has-flag": {
          "version": "4.0.0",
          "resolved": "https://artifactory.skyscannertools.net/artifactory/api/npm/npm/has-flag/-/has-flag-4.0.0.tgz",
          "integrity": "sha1-lEdx/ZyByBJlxNaUGGDaBrtZR5s="
        },
        "is-fullwidth-code-point": {
          "version": "3.0.0",
          "resolved": "https://artifactory.skyscannertools.net/artifactory/api/npm/npm/is-fullwidth-code-point/-/is-fullwidth-code-point-3.0.0.tgz",
          "integrity": "sha1-8Rb4Bk/pCz94RKOJl8C3UFEmnx0="
        },
        "string-width": {
          "version": "4.2.3",
          "resolved": "https://artifactory.skyscannertools.net/artifactory/api/npm/npm/string-width/-/string-width-4.2.3.tgz",
          "integrity": "sha1-JpxxF9J7Ba0uU2gwqOyJXvnG0BA=",
          "requires": {
            "emoji-regex": "^8.0.0",
            "is-fullwidth-code-point": "^3.0.0",
            "strip-ansi": "^6.0.1"
          }
        },
        "strip-ansi": {
          "version": "6.0.1",
          "resolved": "https://artifactory.skyscannertools.net/artifactory/api/npm/npm/strip-ansi/-/strip-ansi-6.0.1.tgz",
          "integrity": "sha1-nibGPTD1NEPpSJSVshBdN7Z6hdk=",
          "requires": {
            "ansi-regex": "^5.0.1"
          }
        },
        "supports-color": {
          "version": "7.2.0",
          "resolved": "https://artifactory.skyscannertools.net/artifactory/api/npm/npm/supports-color/-/supports-color-7.2.0.tgz",
          "integrity": "sha1-G33NyzK4E4gBs+R4umpRyqiWSNo=",
          "requires": {
            "has-flag": "^4.0.0"
          }
        }
      }
    },
    "lodash": {
      "version": "4.17.21",
      "resolved": "https://artifactory.skyscannertools.net/artifactory/api/npm/npm/lodash/-/lodash-4.17.21.tgz",
      "integrity": "sha1-Z5WRxWTDv/quhFTPCz3zcMPWkRw="
    },
    "mimic-fn": {
      "version": "2.1.0",
      "resolved": "https://artifactory.skyscannertools.net/artifactory/api/npm/npm/mimic-fn/-/mimic-fn-2.1.0.tgz",
      "integrity": "sha1-ftLCzMyvhNP/y3pptXcR/CCDQBs="
    },
    "mute-stream": {
      "version": "0.0.8",
      "resolved": "https://artifactory.skyscannertools.net/artifactory/api/npm/npm/mute-stream/-/mute-stream-0.0.8.tgz",
      "integrity": "sha1-FjDEKyJR/4HiooPelqVJfqkuXg0="
    },
    "onetime": {
      "version": "5.1.2",
      "resolved": "https://artifactory.skyscannertools.net/artifactory/api/npm/npm/onetime/-/onetime-5.1.2.tgz",
      "integrity": "sha1-0Oluu1awdHbfHdnEgG5SN5hcpF4=",
      "requires": {
        "mimic-fn": "^2.1.0"
      }
    },
    "os-tmpdir": {
      "version": "1.0.2",
      "resolved": "https://artifactory.skyscannertools.net/artifactory/api/npm/npm/os-tmpdir/-/os-tmpdir-1.0.2.tgz",
      "integrity": "sha1-u+Z0BseaqFxc/sdm/lc0VV36EnQ="
    },
    "restore-cursor": {
      "version": "3.1.0",
      "resolved": "https://artifactory.skyscannertools.net/artifactory/api/npm/npm/restore-cursor/-/restore-cursor-3.1.0.tgz",
      "integrity": "sha1-OfZ8VLOnpYzqUjbZXPADQjljH34=",
      "requires": {
        "onetime": "^5.1.0",
        "signal-exit": "^3.0.2"
      }
    },
    "run-async": {
      "version": "2.4.1",
      "resolved": "https://artifactory.skyscannertools.net/artifactory/api/npm/npm/run-async/-/run-async-2.4.1.tgz",
      "integrity": "sha1-hEDsz5nqPnC9QJ1JqriOEMGJpFU="
    },
    "rxjs": {
      "version": "6.6.7",
      "resolved": "https://artifactory.skyscannertools.net/artifactory/api/npm/npm/rxjs/-/rxjs-6.6.7.tgz",
      "integrity": "sha1-kKwBisq/SRv2UEQjXVhjxNq4BMk=",
      "requires": {
        "tslib": "^1.9.0"
      }
    },
    "safer-buffer": {
      "version": "2.1.2",
      "resolved": "https://artifactory.skyscannertools.net/artifactory/api/npm/npm/safer-buffer/-/safer-buffer-2.1.2.tgz",
      "integrity": "sha1-RPoWGwGHuVSd2Eu5GAL5vYOFzWo="
    },
    "signal-exit": {
      "version": "3.0.7",
      "resolved": "https://artifactory.skyscannertools.net/artifactory/api/npm/npm/signal-exit/-/signal-exit-3.0.7.tgz",
      "integrity": "sha1-qaF2f4r4QVURTqq9c/mSc8j1mtk="
    },
    "through": {
      "version": "2.3.8",
      "resolved": "https://artifactory.skyscannertools.net/artifactory/api/npm/npm/through/-/through-2.3.8.tgz",
      "integrity": "sha1-DdTJ/6q8NXlgsbckEV1+Doai4fU="
    },
    "tmp": {
      "version": "0.0.33",
      "resolved": "https://artifactory.skyscannertools.net/artifactory/api/npm/npm/tmp/-/tmp-0.0.33.tgz",
      "integrity": "sha1-bTQzWIl2jSGyvNoKonfO07G/rfk=",
      "requires": {
        "os-tmpdir": "~1.0.2"
      }
    },
    "todo-alex": {
      "version": "0.0.2",
      "resolved": "https://registry.npmjs.org/todo-alex/-/todo-alex-0.0.2.tgz",
      "integrity": "sha512-G4YJ27nMBxI3tlmnC0VLbRSOpQwZPN+MfUMInhhEH0KlH71q6/wSZJmOrn0HWak0Ua3FfiekuwUysIIEkXzbJQ==",
      "requires": {
        "commander": "^9.3.0",
        "inquirer": "^7.0.0"
      }
    },
    "tslib": {
      "version": "1.14.1",
      "resolved": "https://artifactory.skyscannertools.net/artifactory/api/npm/npm/tslib/-/tslib-1.14.1.tgz",
      "integrity": "sha1-zy04vcNKE0vK8QkcQfZhni9nLQA="
    },
    "type-fest": {
      "version": "0.21.3",
      "resolved": "https://artifactory.skyscannertools.net/artifactory/api/npm/npm/type-fest/-/type-fest-0.21.3.tgz",
      "integrity": "sha1-0mCiSwGYQ24TP6JqUkptZfo7Ljc="
    }
  }
}
